
Microsoft Visual Studio Solution File, Format Version 12.00
# Visual Studio 15
VisualStudioVersion = 15.0.28307.1300
MinimumVisualStudioVersion = 10.0.40219.1
Project("{FAE04EC0-301F-11D3-BF4B-00C04F79EFBC}") = "AsynchronousBankAccount", "AsynchronousBankAccount\AsynchronousBankAccount.csproj", "{F93D2F67-9726-4388-A6B0-4E1B80F2EA80}"
EndProject
Global
	GlobalSection(SolutionConfigurationPlatforms) = preSolution
		Debug|Any CPU = Debug|Any CPU
		Release|Any CPU = Release|Any CPU
	EndGlobalSection
	GlobalSection(ProjectConfigurationPlatforms) = postSolution
		{F93D2F67-9726-4388-A6B0-4E1B80F2EA80}.Debug|Any CPU.ActiveCfg = Debug|Any CPU
		{F93D2F67-9726-4388-A6B0-4E1B80F2EA80}.Debug|Any CPU.Build.0 = Debug|Any CPU
		{F93D2F67-9726-4388-A6B0-4E1B80F2EA80}.Release|Any CPU.ActiveCfg = Release|Any CPU
		{F93D2F67-9726-4388-A6B0-4E1B80F2EA80}.Release|Any CPU.Build.0 = Release|Any CPU
	EndGlobalSection
	GlobalSection(SolutionProperties) = preSolution
		HideSolutionNode = FALSE
	EndGlobalSection
	GlobalSection(ExtensibilityGlobals) = postSolution
		SolutionGuid = {1E9A6B9C-2BF5-4A2F-BEC7-9E7BDD0F90CE}
	EndGlobalSection
EndGlobal
